
Microsoft Visual Studio Solution File, Format Version 12.00
# Visual Studio Version 16
VisualStudioVersion = 16.0.31613.86
MinimumVisualStudioVersion = 10.0.40219.1
Project("{FAE04EC0-301F-11D3-BF4B-00C04F79EFBC}") = "Az-304-DemoApp", "Az-304-DemoApp\Az-304-DemoApp.csproj", "{C73E1EEB-7C1A-4EE8-B64E-3865165B5910}"
EndProject
Global
	GlobalSection(SolutionConfigurationPlatforms) = preSolution
		Debug|Any CPU = Debug|Any CPU
		Release|Any CPU = Release|Any CPU
	EndGlobalSection
	GlobalSection(ProjectConfigurationPlatforms) = postSolution
		{C73E1EEB-7C1A-4EE8-B64E-3865165B5910}.Debug|Any CPU.ActiveCfg = Debug|Any CPU
		{C73E1EEB-7C1A-4EE8-B64E-3865165B5910}.Debug|Any CPU.Build.0 = Debug|Any CPU
		{C73E1EEB-7C1A-4EE8-B64E-3865165B5910}.Release|Any CPU.ActiveCfg = Release|Any CPU
		{C73E1EEB-7C1A-4EE8-B64E-3865165B5910}.Release|Any CPU.Build.0 = Release|Any CPU
	EndGlobalSection
	GlobalSection(SolutionProperties) = preSolution
		HideSolutionNode = FALSE
	EndGlobalSection
	GlobalSection(ExtensibilityGlobals) = postSolution
		SolutionGuid = {9068B472-CD08-4E37-A1EC-184AF0664AD4}
	EndGlobalSection
EndGlobal
